
Microsoft Visual Studio Solution File, Format Version 12.00
# Visual Studio Version 17
VisualStudioVersion = 17.13.35919.96
MinimumVisualStudioVersion = 10.0.40219.1
Project("{8BC9CEB8-8B4A-11D0-8D11-00A0C91BC942}") = "HelloWorld", "HelloWorld\HelloWorld.vcxproj", "{FE52E161-F366-42AD-9203-0DB92B952361}"
EndProject
Project("{8BC9CEB8-8B4A-11D0-8D11-00A0C91BC942}") = "DataTypes", "DataTypes\DataTypes.vcxproj", "{298DEF52-8ECE-44F0-86C3-28B11178D690}"
EndProject
Project("{8BC9CEB8-8B4A-11D0-8D11-00A0C91BC942}") = "JavaGuessImport", "JavaGuessImport\JavaGuessImport.vcxproj", "{69171A25-DD37-4D2B-A55B-DB4B45C49137}"
EndProject
Project("{8BC9CEB8-8B4A-11D0-8D11-00A0C91BC942}") = "UserDataTypes", "UserDataTypes\UserDataTypes.vcxproj", "{D42A6118-B6D9-4496-B7D8-383091495215}"
EndProject
Project("{8BC9CEB8-8B4A-11D0-8D11-00A0C91BC942}") = "MemoryReview", "MemoryReview\MemoryReview.vcxproj", "{F9480F3A-6E7B-4769-AED3-31479071C7C5}"
EndProject
Project("{8BC9CEB8-8B4A-11D0-8D11-00A0C91BC942}") = "Containers", "Containers\Containers.vcxproj", "{7D8F74A8-0A05-492D-A3F0-0F2ABFCD1417}"
EndProject
Project("{8BC9CEB8-8B4A-11D0-8D11-00A0C91BC942}") = "Classes", "Classes\Classes.vcxproj", "{90D78A36-DEBA-4FB9-AA1C-F34AB279D46D}"
EndProject
Project("{8BC9CEB8-8B4A-11D0-8D11-00A0C91BC942}") = "Streams", "Streams\Streams.vcxproj", "{ABD63ABC-4DCC-4F1E-BDB6-E365415175B8}"
EndProject
Project("{8BC9CEB8-8B4A-11D0-8D11-00A0C91BC942}") = "Fail", "Fail\Fail.vcxproj", "{B9F5EFE1-88FE-46A3-B525-45047FAF660D}"
EndProject
Project("{8BC9CEB8-8B4A-11D0-8D11-00A0C91BC942}") = "Fractions", "Fractions\Fractions.vcxproj", "{B59E791D-36D8-4B5C-B67E-10B53312DC71}"
EndProject
Project("{8BC9CEB8-8B4A-11D0-8D11-00A0C91BC942}") = "Pointer", "Pointer\Pointer.vcxproj", "{E6D89C9E-6823-4F00-B89C-FAAD251D9238}"
EndProject
Global
	GlobalSection(SolutionConfigurationPlatforms) = preSolution
		Debug|x64 = Debug|x64
		Debug|x86 = Debug|x86
		Release|x64 = Release|x64
		Release|x86 = Release|x86
	EndGlobalSection
	GlobalSection(ProjectConfigurationPlatforms) = postSolution
		{FE52E161-F366-42AD-9203-0DB92B952361}.Debug|x64.ActiveCfg = Debug|x64
		{FE52E161-F366-42AD-9203-0DB92B952361}.Debug|x64.Build.0 = Debug|x64
		{FE52E161-F366-42AD-9203-0DB92B952361}.Debug|x86.ActiveCfg = Debug|Win32
		{FE52E161-F366-42AD-9203-0DB92B952361}.Debug|x86.Build.0 = Debug|Win32
		{FE52E161-F366-42AD-9203-0DB92B952361}.Release|x64.ActiveCfg = Release|x64
		{FE52E161-F366-42AD-9203-0DB92B952361}.Release|x64.Build.0 = Release|x64
		{FE52E161-F366-42AD-9203-0DB92B952361}.Release|x86.ActiveCfg = Release|Win32
		{FE52E161-F366-42AD-9203-0DB92B952361}.Release|x86.Build.0 = Release|Win32
		{298DEF52-8ECE-44F0-86C3-28B11178D690}.Debug|x64.ActiveCfg = Debug|x64
		{298DEF52-8ECE-44F0-86C3-28B11178D690}.Debug|x64.Build.0 = Debug|x64
		{298DEF52-8ECE-44F0-86C3-28B11178D690}.Debug|x86.ActiveCfg = Debug|Win32
		{298DEF52-8ECE-44F0-86C3-28B11178D690}.Debug|x86.Build.0 = Debug|Win32
		{298DEF52-8ECE-44F0-86C3-28B11178D690}.Release|x64.ActiveCfg = Release|x64
		{298DEF52-8ECE-44F0-86C3-28B11178D690}.Release|x64.Build.0 = Release|x64
		{298DEF52-8ECE-44F0-86C3-28B11178D690}.Release|x86.ActiveCfg = Release|Win32
		{298DEF52-8ECE-44F0-86C3-28B11178D690}.Release|x86.Build.0 = Release|Win32
		{69171A25-DD37-4D2B-A55B-DB4B45C49137}.Debug|x64.ActiveCfg = Debug|x64
		{69171A25-DD37-4D2B-A55B-DB4B45C49137}.Debug|x64.Build.0 = Debug|x64
		{69171A25-DD37-4D2B-A55B-DB4B45C49137}.Debug|x86.ActiveCfg = Debug|Win32
		{69171A25-DD37-4D2B-A55B-DB4B45C49137}.Debug|x86.Build.0 = Debug|Win32
		{69171A25-DD37-4D2B-A55B-DB4B45C49137}.Release|x64.ActiveCfg = Release|x64
		{69171A25-DD37-4D2B-A55B-DB4B45C49137}.Release|x64.Build.0 = Release|x64
		{69171A25-DD37-4D2B-A55B-DB4B45C49137}.Release|x86.ActiveCfg = Release|Win32
		{69171A25-DD37-4D2B-A55B-DB4B45C49137}.Release|x86.Build.0 = Release|Win32
		{D42A6118-B6D9-4496-B7D8-383091495215}.Debug|x64.ActiveCfg = Debug|x64
		{D42A6118-B6D9-4496-B7D8-383091495215}.Debug|x64.Build.0 = Debug|x64
		{D42A6118-B6D9-4496-B7D8-383091495215}.Debug|x86.ActiveCfg = Debug|Win32
		{D42A6118-B6D9-4496-B7D8-383091495215}.Debug|x86.Build.0 = Debug|Win32
		{D42A6118-B6D9-4496-B7D8-383091495215}.Release|x64.ActiveCfg = Release|x64
		{D42A6118-B6D9-4496-B7D8-383091495215}.Release|x64.Build.0 = Release|x64
		{D42A6118-B6D9-4496-B7D8-383091495215}.Release|x86.ActiveCfg = Release|Win32
		{D42A6118-B6D9-4496-B7D8-383091495215}.Release|x86.Build.0 = Release|Win32
		{F9480F3A-6E7B-4769-AED3-31479071C7C5}.Debug|x64.ActiveCfg = Debug|x64
		{F9480F3A-6E7B-4769-AED3-31479071C7C5}.Debug|x64.Build.0 = Debug|x64
		{F9480F3A-6E7B-4769-AED3-31479071C7C5}.Debug|x86.ActiveCfg = Debug|Win32
		{F9480F3A-6E7B-4769-AED3-31479071C7C5}.Debug|x86.Build.0 = Debug|Win32
		{F9480F3A-6E7B-4769-AED3-31479071C7C5}.Release|x64.ActiveCfg = Release|x64
		{F9480F3A-6E7B-4769-AED3-31479071C7C5}.Release|x64.Build.0 = Release|x64
		{F9480F3A-6E7B-4769-AED3-31479071C7C5}.Release|x86.ActiveCfg = Release|Win32
		{F9480F3A-6E7B-4769-AED3-31479071C7C5}.Release|x86.Build.0 = Release|Win32
		{7D8F74A8-0A05-492D-A3F0-0F2ABFCD1417}.Debug|x64.ActiveCfg = Debug|x64
		{7D8F74A8-0A05-492D-A3F0-0F2ABFCD1417}.Debug|x64.Build.0 = Debug|x64
		{7D8F74A8-0A05-492D-A3F0-0F2ABFCD1417}.Debug|x86.ActiveCfg = Debug|Win32
		{7D8F74A8-0A05-492D-A3F0-0F2ABFCD1417}.Debug|x86.Build.0 = Debug|Win32
		{7D8F74A8-0A05-492D-A3F0-0F2ABFCD1417}.Release|x64.ActiveCfg = Release|x64
		{7D8F74A8-0A05-492D-A3F0-0F2ABFCD1417}.Release|x64.Build.0 = Release|x64
		{7D8F74A8-0A05-492D-A3F0-0F2ABFCD1417}.Release|x86.ActiveCfg = Release|Win32
		{7D8F74A8-0A05-492D-A3F0-0F2ABFCD1417}.Release|x86.Build.0 = Release|Win32
		{90D78A36-DEBA-4FB9-AA1C-F34AB279D46D}.Debug|x64.ActiveCfg = Debug|x64
		{90D78A36-DEBA-4FB9-AA1C-F34AB279D46D}.Debug|x64.Build.0 = Debug|x64
		{90D78A36-DEBA-4FB9-AA1C-F34AB279D46D}.Debug|x86.ActiveCfg = Debug|Win32
		{90D78A36-DEBA-4FB9-AA1C-F34AB279D46D}.Debug|x86.Build.0 = Debug|Win32
		{90D78A36-DEBA-4FB9-AA1C-F34AB279D46D}.Release|x64.ActiveCfg = Release|x64
		{90D78A36-DEBA-4FB9-AA1C-F34AB279D46D}.Release|x64.Build.0 = Release|x64
		{90D78A36-DEBA-4FB9-AA1C-F34AB279D46D}.Release|x86.ActiveCfg = Release|Win32
		{90D78A36-DEBA-4FB9-AA1C-F34AB279D46D}.Release|x86.Build.0 = Release|Win32
		{ABD63ABC-4DCC-4F1E-BDB6-E365415175B8}.Debug|x64.ActiveCfg = Debug|x64
		{ABD63ABC-4DCC-4F1E-BDB6-E365415175B8}.Debug|x64.Build.0 = Debug|x64
		{ABD63ABC-4DCC-4F1E-BDB6-E365415175B8}.Debug|x86.ActiveCfg = Debug|Win32
		{ABD63ABC-4DCC-4F1E-BDB6-E365415175B8}.Debug|x86.Build.0 = Debug|Win32
		{ABD63ABC-4DCC-4F1E-BDB6-E365415175B8}.Release|x64.ActiveCfg = Release|x64
		{ABD63ABC-4DCC-4F1E-BDB6-E365415175B8}.Release|x64.Build.0 = Release|x64
		{ABD63ABC-4DCC-4F1E-BDB6-E365415175B8}.Release|x86.ActiveCfg = Release|Win32
		{ABD63ABC-4DCC-4F1E-BDB6-E365415175B8}.Release|x86.Build.0 = Release|Win32
		{B9F5EFE1-88FE-46A3-B525-45047FAF660D}.Debug|x64.ActiveCfg = Debug|x64
		{B9F5EFE1-88FE-46A3-B525-45047FAF660D}.Debug|x64.Build.0 = Debug|x64
		{B9F5EFE1-88FE-46A3-B525-45047FAF660D}.Debug|x86.ActiveCfg = Debug|Win32
		{B9F5EFE1-88FE-46A3-B525-45047FAF660D}.Debug|x86.Build.0 = Debug|Win32
		{B9F5EFE1-88FE-46A3-B525-45047FAF660D}.Release|x64.ActiveCfg = Release|x64
		{B9F5EFE1-88FE-46A3-B525-45047FAF660D}.Release|x64.Build.0 = Release|x64
		{B9F5EFE1-88FE-46A3-B525-45047FAF660D}.Release|x86.ActiveCfg = Release|Win32
		{B9F5EFE1-88FE-46A3-B525-45047FAF660D}.Release|x86.Build.0 = Release|Win32
		{B59E791D-36D8-4B5C-B67E-10B53312DC71}.Debug|x64.ActiveCfg = Debug|x64
		{B59E791D-36D8-4B5C-B67E-10B53312DC71}.Debug|x64.Build.0 = Debug|x64
		{B59E791D-36D8-4B5C-B67E-10B53312DC71}.Debug|x86.ActiveCfg = Debug|Win32
		{B59E791D-36D8-4B5C-B67E-10B53312DC71}.Debug|x86.Build.0 = Debug|Win32
		{B59E791D-36D8-4B5C-B67E-10B53312DC71}.Release|x64.ActiveCfg = Release|x64
		{B59E791D-36D8-4B5C-B67E-10B53312DC71}.Release|x64.Build.0 = Release|x64
		{B59E791D-36D8-4B5C-B67E-10B53312DC71}.Release|x86.ActiveCfg = Release|Win32
		{B59E791D-36D8-4B5C-B67E-10B53312DC71}.Release|x86.Build.0 = Release|Win32
		{E6D89C9E-6823-4F00-B89C-FAAD251D9238}.Debug|x64.ActiveCfg = Debug|x64
		{E6D89C9E-6823-4F00-B89C-FAAD251D9238}.Debug|x64.Build.0 = Debug|x64
		{E6D89C9E-6823-4F00-B89C-FAAD251D9238}.Debug|x86.ActiveCfg = Debug|Win32
		{E6D89C9E-6823-4F00-B89C-FAAD251D9238}.Debug|x86.Build.0 = Debug|Win32
		{E6D89C9E-6823-4F00-B89C-FAAD251D9238}.Release|x64.ActiveCfg = Release|x64
		{E6D89C9E-6823-4F00-B89C-FAAD251D9238}.Release|x64.Build.0 = Release|x64
		{E6D89C9E-6823-4F00-B89C-FAAD251D9238}.Release|x86.ActiveCfg = Release|Win32
		{E6D89C9E-6823-4F00-B89C-FAAD251D9238}.Release|x86.Build.0 = Release|Win32
	EndGlobalSection
	GlobalSection(SolutionProperties) = preSolution
		HideSolutionNode = FALSE
	EndGlobalSection
	GlobalSection(ExtensibilityGlobals) = postSolution
		SolutionGuid = {E810CDB5-2FC2-4D0F-9E0E-E57B0DE8EA72}
	EndGlobalSection
EndGlobal
