
Microsoft Visual Studio Solution File, Format Version 12.00
# Visual Studio Version 17
VisualStudioVersion = 17.13.35919.96
MinimumVisualStudioVersion = 10.0.40219.1
Project("{8BC9CEB8-8B4A-11D0-8D11-00A0C91BC942}") = "HelloWorld", "HelloWorld\HelloWorld.vcxproj", "{FE52E161-F366-42AD-9203-0DB92B952361}"
EndProject
Project("{8BC9CEB8-8B4A-11D0-8D11-00A0C91BC942}") = "DataTypes", "DataTypes\DataTypes.vcxproj", "{298DEF52-8ECE-44F0-86C3-28B11178D690}"
EndProject
Project("{8BC9CEB8-8B4A-11D0-8D11-00A0C91BC942}") = "JavaGuessImport", "JavaGuessImport\JavaGuessImport.vcxproj", "{69171A25-DD37-4D2B-A55B-DB4B45C49137}"
EndProject
Global
	GlobalSection(SolutionConfigurationPlatforms) = preSolution
		Debug|x64 = Debug|x64
		Debug|x86 = Debug|x86
		Release|x64 = Release|x64
		Release|x86 = Release|x86
	EndGlobalSection
	GlobalSection(ProjectConfigurationPlatforms) = postSolution
		{FE52E161-F366-42AD-9203-0DB92B952361}.Debug|x64.ActiveCfg = Debug|x64
		{FE52E161-F366-42AD-9203-0DB92B952361}.Debug|x64.Build.0 = Debug|x64
		{FE52E161-F366-42AD-9203-0DB92B952361}.Debug|x86.ActiveCfg = Debug|Win32
		{FE52E161-F366-42AD-9203-0DB92B952361}.Debug|x86.Build.0 = Debug|Win32
		{FE52E161-F366-42AD-9203-0DB92B952361}.Release|x64.ActiveCfg = Release|x64
		{FE52E161-F366-42AD-9203-0DB92B952361}.Release|x64.Build.0 = Release|x64
		{FE52E161-F366-42AD-9203-0DB92B952361}.Release|x86.ActiveCfg = Release|Win32
		{FE52E161-F366-42AD-9203-0DB92B952361}.Release|x86.Build.0 = Release|Win32
		{298DEF52-8ECE-44F0-86C3-28B11178D690}.Debug|x64.ActiveCfg = Debug|x64
		{298DEF52-8ECE-44F0-86C3-28B11178D690}.Debug|x64.Build.0 = Debug|x64
		{298DEF52-8ECE-44F0-86C3-28B11178D690}.Debug|x86.ActiveCfg = Debug|Win32
		{298DEF52-8ECE-44F0-86C3-28B11178D690}.Debug|x86.Build.0 = Debug|Win32
		{298DEF52-8ECE-44F0-86C3-28B11178D690}.Release|x64.ActiveCfg = Release|x64
		{298DEF52-8ECE-44F0-86C3-28B11178D690}.Release|x64.Build.0 = Release|x64
		{298DEF52-8ECE-44F0-86C3-28B11178D690}.Release|x86.ActiveCfg = Release|Win32
		{298DEF52-8ECE-44F0-86C3-28B11178D690}.Release|x86.Build.0 = Release|Win32
		{69171A25-DD37-4D2B-A55B-DB4B45C49137}.Debug|x64.ActiveCfg = Debug|x64
		{69171A25-DD37-4D2B-A55B-DB4B45C49137}.Debug|x64.Build.0 = Debug|x64
		{69171A25-DD37-4D2B-A55B-DB4B45C49137}.Debug|x86.ActiveCfg = Debug|Win32
		{69171A25-DD37-4D2B-A55B-DB4B45C49137}.Debug|x86.Build.0 = Debug|Win32
		{69171A25-DD37-4D2B-A55B-DB4B45C49137}.Release|x64.ActiveCfg = Release|x64
		{69171A25-DD37-4D2B-A55B-DB4B45C49137}.Release|x64.Build.0 = Release|x64
		{69171A25-DD37-4D2B-A55B-DB4B45C49137}.Release|x86.ActiveCfg = Release|Win32
		{69171A25-DD37-4D2B-A55B-DB4B45C49137}.Release|x86.Build.0 = Release|Win32
	EndGlobalSection
	GlobalSection(SolutionProperties) = preSolution
		HideSolutionNode = FALSE
	EndGlobalSection
	GlobalSection(ExtensibilityGlobals) = postSolution
		SolutionGuid = {E810CDB5-2FC2-4D0F-9E0E-E57B0DE8EA72}
	EndGlobalSection
EndGlobal
